
Microsoft Visual Studio Solution File, Format Version 12.00
# Visual Studio Version 17
VisualStudioVersion = 17.8.34309.116
MinimumVisualStudioVersion = 10.0.40219.1
Project("{2150E333-8FDC-42A3-9474-1A3956D46DE8}") = "src", "src", "{645FD45C-3CD0-484F-8700-57A6731E995C}"
EndProject
Project("{2150E333-8FDC-42A3-9474-1A3956D46DE8}") = "tests", "tests", "{4E13F19D-8D30-4AFE-8B3B-9A472BEE7C2A}"
EndProject
Project("{9A19103F-16F7-4668-BE54-9A1E7A4F7556}") = "FeatureFlag.Common", "src\FeatureFlag.Common\FeatureFlag.Common.csproj", "{75ECEF05-6D4B-4183-85D7-928CEE6B856A}"
EndProject
Project("{9A19103F-16F7-4668-BE54-9A1E7A4F7556}") = "FeatureFlag.Domain", "src\FeatureFlag.Domain\FeatureFlag.Domain.csproj", "{026F0C0B-AAAB-4743-8508-36866FB38C97}"
EndProject
Project("{9A19103F-16F7-4668-BE54-9A1E7A4F7556}") = "FeatureFlag.UnitTests", "tests\FeatureFlag.UnitTests\FeatureFlag.UnitTests.csproj", "{2D205638-7B10-456A-9E35-BCE8D2ADF1AA}"
EndProject
Project("{9A19103F-16F7-4668-BE54-9A1E7A4F7556}") = "FeatureFlag.API", "src\FeatureFlag.API\FeatureFlag.API.csproj", "{37ACB350-8315-4733-8CB6-F1CD21D21E9B}"
EndProject
Project("{9A19103F-16F7-4668-BE54-9A1E7A4F7556}") = "FeatureFlag.Application", "src\FeatureFlag.Application\FeatureFlag.Application.csproj", "{0CB92114-B660-411A-87BC-659D369A262B}"
EndProject
Project("{9A19103F-16F7-4668-BE54-9A1E7A4F7556}") = "FeatureFlag.Console", "src\FeatureFlag.Console\FeatureFlag.Console.csproj", "{E88360F4-3928-4F7C-857C-3026B3F89396}"
EndProject
Project("{2150E333-8FDC-42A3-9474-1A3956D46DE8}") = "Console", "Console", "{6A012E09-E770-48EB-A305-09602E0C6A68}"
EndProject
Global
	GlobalSection(SolutionConfigurationPlatforms) = preSolution
		Debug|Any CPU = Debug|Any CPU
		Release|Any CPU = Release|Any CPU
	EndGlobalSection
	GlobalSection(ProjectConfigurationPlatforms) = postSolution
		{75ECEF05-6D4B-4183-85D7-928CEE6B856A}.Debug|Any CPU.ActiveCfg = Debug|Any CPU
		{75ECEF05-6D4B-4183-85D7-928CEE6B856A}.Debug|Any CPU.Build.0 = Debug|Any CPU
		{75ECEF05-6D4B-4183-85D7-928CEE6B856A}.Release|Any CPU.ActiveCfg = Release|Any CPU
		{75ECEF05-6D4B-4183-85D7-928CEE6B856A}.Release|Any CPU.Build.0 = Release|Any CPU
		{026F0C0B-AAAB-4743-8508-36866FB38C97}.Debug|Any CPU.ActiveCfg = Debug|Any CPU
		{026F0C0B-AAAB-4743-8508-36866FB38C97}.Debug|Any CPU.Build.0 = Debug|Any CPU
		{026F0C0B-AAAB-4743-8508-36866FB38C97}.Release|Any CPU.ActiveCfg = Release|Any CPU
		{026F0C0B-AAAB-4743-8508-36866FB38C97}.Release|Any CPU.Build.0 = Release|Any CPU
		{2D205638-7B10-456A-9E35-BCE8D2ADF1AA}.Debug|Any CPU.ActiveCfg = Debug|Any CPU
		{2D205638-7B10-456A-9E35-BCE8D2ADF1AA}.Debug|Any CPU.Build.0 = Debug|Any CPU
		{2D205638-7B10-456A-9E35-BCE8D2ADF1AA}.Release|Any CPU.ActiveCfg = Release|Any CPU
		{2D205638-7B10-456A-9E35-BCE8D2ADF1AA}.Release|Any CPU.Build.0 = Release|Any CPU
		{37ACB350-8315-4733-8CB6-F1CD21D21E9B}.Debug|Any CPU.ActiveCfg = Debug|Any CPU
		{37ACB350-8315-4733-8CB6-F1CD21D21E9B}.Debug|Any CPU.Build.0 = Debug|Any CPU
		{37ACB350-8315-4733-8CB6-F1CD21D21E9B}.Release|Any CPU.ActiveCfg = Release|Any CPU
		{37ACB350-8315-4733-8CB6-F1CD21D21E9B}.Release|Any CPU.Build.0 = Release|Any CPU
		{0CB92114-B660-411A-87BC-659D369A262B}.Debug|Any CPU.ActiveCfg = Debug|Any CPU
		{0CB92114-B660-411A-87BC-659D369A262B}.Debug|Any CPU.Build.0 = Debug|Any CPU
		{0CB92114-B660-411A-87BC-659D369A262B}.Release|Any CPU.ActiveCfg = Release|Any CPU
		{0CB92114-B660-411A-87BC-659D369A262B}.Release|Any CPU.Build.0 = Release|Any CPU
		{E88360F4-3928-4F7C-857C-3026B3F89396}.Debug|Any CPU.ActiveCfg = Debug|Any CPU
		{E88360F4-3928-4F7C-857C-3026B3F89396}.Debug|Any CPU.Build.0 = Debug|Any CPU
		{E88360F4-3928-4F7C-857C-3026B3F89396}.Release|Any CPU.ActiveCfg = Release|Any CPU
		{E88360F4-3928-4F7C-857C-3026B3F89396}.Release|Any CPU.Build.0 = Release|Any CPU
	EndGlobalSection
	GlobalSection(SolutionProperties) = preSolution
		HideSolutionNode = FALSE
	EndGlobalSection
	GlobalSection(NestedProjects) = preSolution
		{75ECEF05-6D4B-4183-85D7-928CEE6B856A} = {645FD45C-3CD0-484F-8700-57A6731E995C}
		{026F0C0B-AAAB-4743-8508-36866FB38C97} = {645FD45C-3CD0-484F-8700-57A6731E995C}
		{2D205638-7B10-456A-9E35-BCE8D2ADF1AA} = {4E13F19D-8D30-4AFE-8B3B-9A472BEE7C2A}
		{37ACB350-8315-4733-8CB6-F1CD21D21E9B} = {645FD45C-3CD0-484F-8700-57A6731E995C}
		{0CB92114-B660-411A-87BC-659D369A262B} = {645FD45C-3CD0-484F-8700-57A6731E995C}
		{E88360F4-3928-4F7C-857C-3026B3F89396} = {6A012E09-E770-48EB-A305-09602E0C6A68}
	EndGlobalSection
	GlobalSection(ExtensibilityGlobals) = postSolution
		SolutionGuid = {B0E26986-EBFF-49F9-91F7-046ECD2D46F8}
	EndGlobalSection
EndGlobal
